
Microsoft Visual Studio Solution File, Format Version 12.00
# Visual Studio Version 17
VisualStudioVersion = 17.9.34728.123
MinimumVisualStudioVersion = 10.0.40219.1
Project("{FAE04EC0-301F-11D3-BF4B-00C04F79EFBC}") = "IceSync.Web", "IceSync.Web\IceSync.Web.csproj", "{8A8676FE-D920-4F8D-892D-6D5DD0942745}"
EndProject
Project("{FAE04EC0-301F-11D3-BF4B-00C04F79EFBC}") = "IceSync.Data", "IceSync.Data\IceSync.Data.csproj", "{0B69CC10-EAA6-45BF-80DC-10862D6F3A18}"
EndProject
Global
	GlobalSection(SolutionConfigurationPlatforms) = preSolution
		Debug|Any CPU = Debug|Any CPU
		Release|Any CPU = Release|Any CPU
	EndGlobalSection
	GlobalSection(ProjectConfigurationPlatforms) = postSolution
		{8A8676FE-D920-4F8D-892D-6D5DD0942745}.Debug|Any CPU.ActiveCfg = Debug|Any CPU
		{8A8676FE-D920-4F8D-892D-6D5DD0942745}.Debug|Any CPU.Build.0 = Debug|Any CPU
		{8A8676FE-D920-4F8D-892D-6D5DD0942745}.Release|Any CPU.ActiveCfg = Release|Any CPU
		{8A8676FE-D920-4F8D-892D-6D5DD0942745}.Release|Any CPU.Build.0 = Release|Any CPU
		{0B69CC10-EAA6-45BF-80DC-10862D6F3A18}.Debug|Any CPU.ActiveCfg = Debug|Any CPU
		{0B69CC10-EAA6-45BF-80DC-10862D6F3A18}.Debug|Any CPU.Build.0 = Debug|Any CPU
		{0B69CC10-EAA6-45BF-80DC-10862D6F3A18}.Release|Any CPU.ActiveCfg = Release|Any CPU
		{0B69CC10-EAA6-45BF-80DC-10862D6F3A18}.Release|Any CPU.Build.0 = Release|Any CPU
	EndGlobalSection
	GlobalSection(SolutionProperties) = preSolution
		HideSolutionNode = FALSE
	EndGlobalSection
	GlobalSection(ExtensibilityGlobals) = postSolution
		SolutionGuid = {0351F2E8-8038-4EDC-AE67-44039A8F975F}
	EndGlobalSection
EndGlobal
